
Microsoft Visual Studio Solution File, Format Version 12.00
# Visual Studio Version 16
VisualStudioVersion = 16.0.29209.62
MinimumVisualStudioVersion = 10.0.40219.1
Project("{FAE04EC0-301F-11D3-BF4B-00C04F79EFBC}") = "WebsiteBookingHotel", "WebsiteBookingHotel\WebsiteBookingHotel.csproj", "{18D29062-71D2-4CB9-994F-8E0BC1FF1505}"
EndProject
Global
	GlobalSection(SolutionConfigurationPlatforms) = preSolution
		Debug|Any CPU = Debug|Any CPU
		Release|Any CPU = Release|Any CPU
	EndGlobalSection
	GlobalSection(ProjectConfigurationPlatforms) = postSolution
		{18D29062-71D2-4CB9-994F-8E0BC1FF1505}.Debug|Any CPU.ActiveCfg = Debug|Any CPU
		{18D29062-71D2-4CB9-994F-8E0BC1FF1505}.Debug|Any CPU.Build.0 = Debug|Any CPU
		{18D29062-71D2-4CB9-994F-8E0BC1FF1505}.Release|Any CPU.ActiveCfg = Release|Any CPU
		{18D29062-71D2-4CB9-994F-8E0BC1FF1505}.Release|Any CPU.Build.0 = Release|Any CPU
	EndGlobalSection
	GlobalSection(SolutionProperties) = preSolution
		HideSolutionNode = FALSE
	EndGlobalSection
	GlobalSection(ExtensibilityGlobals) = postSolution
		SolutionGuid = {513876C3-16F5-43F2-BA18-26C31BA42080}
	EndGlobalSection
EndGlobal
